// !$*UTF8*$!
{
	archiveVersion = 1;
	classes = {
	};
	objectVersion = 56;
	objects = {

/* Begin PBXBuildFile section */
		E1DEE1CC2C1012A300EF5534 /* SwiftfulCryptoApp.swift in Sources */ = {isa = PBXBuildFile; fileRef = E1DEE1CB2C1012A300EF5534 /* SwiftfulCryptoApp.swift */; };
		E1DEE1CE2C1012A300EF5534 /* ContentView.swift in Sources */ = {isa = PBXBuildFile; fileRef = E1DEE1CD2C1012A300EF5534 /* ContentView.swift */; };
		E1DEE1D32C1012A400EF5534 /* Preview Assets.xcassets in Resources */ = {isa = PBXBuildFile; fileRef = E1DEE1D22C1012A400EF5534 /* Preview Assets.xcassets */; };
		E1DEE1DA2C10139900EF5534 /* Assets.xcassets in Resources */ = {isa = PBXBuildFile; fileRef = E1DEE1D92C10139900EF5534 /* Assets.xcassets */; };
/* End PBXBuildFile section */

/* Begin PBXFileReference section */
		E1DEE1C82C1012A300EF5534 /* SwiftfulCrypto.app */ = {isa = PBXFileReference; explicitFileType = wrapper.application; includeInIndex = 0; path = SwiftfulCrypto.app; sourceTree = BUILT_PRODUCTS_DIR; };
		E1DEE1CB2C1012A300EF5534 /* SwiftfulCryptoApp.swift */ = {isa = PBXFileReference; lastKnownFileType = sourcecode.swift; path = SwiftfulCryptoApp.swift; sourceTree = "<group>"; };
		E1DEE1CD2C1012A300EF5534 /* ContentView.swift */ = {isa = PBXFileReference; lastKnownFileType = sourcecode.swift; path = ContentView.swift; sourceTree = "<group>"; };
		E1DEE1D22C1012A400EF5534 /* Preview Assets.xcassets */ = {isa = PBXFileReference; lastKnownFileType = folder.assetcatalog; path = "Preview Assets.xcassets"; sourceTree = "<group>"; };
		E1DEE1D92C10139900EF5534 /* Assets.xcassets */ = {isa = PBXFileReference; lastKnownFileType = folder.assetcatalog; name = Assets.xcassets; path = ../../../../Downloads/Resources/Assets.xcassets; sourceTree = "<group>"; };
/* End PBXFileReference section */

/* Begin PBXFrameworksBuildPhase section */
		E1DEE1C52C1012A300EF5534 /* Frameworks */ = {
			isa = PBXFrameworksBuildPhase;
			buildActionMask = 2147483647;
			files = (
			);
			runOnlyForDeploymentPostprocessing = 0;
		};
/* End PBXFrameworksBuildPhase section */

/* Begin PBXGroup section */
		E1DEE1BF2C1012A300EF5534 = {
			isa = PBXGroup;
			children = (
				E1DEE1CA2C1012A300EF5534 /* SwiftfulCrypto */,
				E1DEE1C92C1012A300EF5534 /* Products */,
			);
			sourceTree = "<group>";
		};
		E1DEE1C92C1012A300EF5534 /* Products */ = {
			isa = PBXGroup;
			children = (
				E1DEE1C82C1012A300EF5534 /* SwiftfulCrypto.app */,
			);
			name = Products;
			sourceTree = "<group>";
		};
		E1DEE1CA2C1012A300EF5534 /* SwiftfulCrypto */ = {
			isa = PBXGroup;
			children = (
				E1DEE1DC2C1014D400EF5534 /* App */,
				E1DEE1DD2C1014DD00EF5534 /* Core */,
				E1DEE1D92C10139900EF5534 /* Assets.xcassets */,
				E1DEE1D12C1012A400EF5534 /* Preview Content */,
			);
			path = SwiftfulCrypto;
			sourceTree = "<group>";
		};
		E1DEE1D12C1012A400EF5534 /* Preview Content */ = {
			isa = PBXGroup;
			children = (
				E1DEE1D22C1012A400EF5534 /* Preview Assets.xcassets */,
			);
			path = "Preview Content";
			sourceTree = "<group>";
		};
		E1DEE1DC2C1014D400EF5534 /* App */ = {
			isa = PBXGroup;
			children = (
				E1DEE1CB2C1012A300EF5534 /* SwiftfulCryptoApp.swift */,
			);
			path = App;
			sourceTree = "<group>";
		};
		E1DEE1DD2C1014DD00EF5534 /* Core */ = {
			isa = PBXGroup;
			children = (
				E1DEE1E62C10195600EF5534 /* Components */,
				E1DEE1E12C1017FB00EF5534 /* Home */,
				E1DEE1DE2C1014E200EF5534 /* Root */,
			);
			path = Core;
			sourceTree = "<group>";
		};
		E1DEE1DE2C1014E200EF5534 /* Root */ = {
			isa = PBXGroup;
			children = (
				E1DEE1CD2C1012A300EF5534 /* ContentView.swift */,
			);
			path = Root;
			sourceTree = "<group>";
		};
/* End PBXGroup section */

/* Begin PBXNativeTarget section */
		E1DEE1C72C1012A300EF5534 /* SwiftfulCrypto */ = {
			isa = PBXNativeTarget;
			buildConfigurationList = E1DEE1D62C1012A400EF5534 /* Build configuration list for PBXNativeTarget "SwiftfulCrypto" */;
			buildPhases = (
				E1DEE1C42C1012A300EF5534 /* Sources */,
				E1DEE1C52C1012A300EF5534 /* Frameworks */,
				E1DEE1C62C1012A300EF5534 /* Resources */,
			);
			buildRules = (
			);
			dependencies = (
			);
			name = SwiftfulCrypto;
			productName = SwiftfulCrypto;
			productReference = E1DEE1C82C1012A300EF5534 /* SwiftfulCrypto.app */;
			productType = "com.apple.product-type.application";
		};
/* End PBXNativeTarget section */

/* Begin PBXProject section */
		E1DEE1C02C1012A300EF5534 /* Project object */ = {
			isa = PBXProject;
			attributes = {
				BuildIndependentTargetsInParallel = 1;
				LastSwiftUpdateCheck = 1520;
				LastUpgradeCheck = 1520;
				TargetAttributes = {
					E1DEE1C72C1012A300EF5534 = {
						CreatedOnToolsVersion = 15.2;
					};
				};
			};
			buildConfigurationList = E1DEE1C32C1012A300EF5534 /* Build configuration list for PBXProject "SwiftfulCrypto" */;
			compatibilityVersion = "Xcode 14.0";
			developmentRegion = en;
			hasScannedForEncodings = 0;
			knownRegions = (
				en,
				Base,
			);
			mainGroup = E1DEE1BF2C1012A300EF5534;
			productRefGroup = E1DEE1C92C1012A300EF5534 /* Products */;
			projectDirPath = "";
			projectRoot = "";
			targets = (
				E1DEE1C72C1012A300EF5534 /* SwiftfulCrypto */,
			);
		};
/* End PBXProject section */

/* Begin PBXResourcesBuildPhase section */
		E1DEE1C62C1012A300EF5534 /* Resources */ = {
			isa = PBXResourcesBuildPhase;
			buildActionMask = 2147483647;
			files = (
				E1DEE1D32C1012A400EF5534 /* Preview Assets.xcassets in Resources */,
				E1DEE1DA2C10139900EF5534 /* Assets.xcassets in Resources */,
			);
			runOnlyForDeploymentPostprocessing = 0;
		};
/* End PBXResourcesBuildPhase section */

/* Begin PBXSourcesBuildPhase section */
		E1DEE1C42C1012A300EF5534 /* Sources */ = {
			isa = PBXSourcesBuildPhase;
			buildActionMask = 2147483647;
			files = (
				E1DEE1CE2C1012A300EF5534 /* ContentView.swift in Sources */,
				E1DEE1CC2C1012A300EF5534 /* SwiftfulCryptoApp.swift in Sources */,
			);
			runOnlyForDeploymentPostprocessing = 0;
		};
/* End PBXSourcesBuildPhase section */

/* Begin XCBuildConfiguration section */
		E1DEE1D42C1012A400EF5534 /* Debug */ = {
			isa = XCBuildConfiguration;
			buildSettings = {
				ALWAYS_SEARCH_USER_PATHS = NO;
				ASSETCATALOG_COMPILER_GENERATE_SWIFT_ASSET_SYMBOL_EXTENSIONS = YES;
				CLANG_ANALYZER_NONNULL = YES;
				CLANG_ANALYZER_NUMBER_OBJECT_CONVERSION = YES_AGGRESSIVE;
				CLANG_CXX_LANGUAGE_STANDARD = "gnu++20";
				CLANG_ENABLE_MODULES = YES;
				CLANG_ENABLE_OBJC_ARC = YES;
				CLANG_ENABLE_OBJC_WEAK = YES;
				CLANG_WARN_BLOCK_CAPTURE_AUTORELEASING = YES;
				CLANG_WARN_BOOL_CONVERSION = YES;
				CLANG_WARN_COMMA = YES;
				CLANG_WARN_CONSTANT_CONVERSION = YES;
				CLANG_WARN_DEPRECATED_OBJC_IMPLEMENTATIONS = YES;
				CLANG_WARN_DIRECT_OBJC_ISA_USAGE = YES_ERROR;
				CLANG_WARN_DOCUMENTATION_COMMENTS = YES;
				CLANG_WARN_EMPTY_BODY = YES;
				CLANG_WARN_ENUM_CONVERSION = YES;
				CLANG_WARN_INFINITE_RECURSION = YES;
				CLANG_WARN_INT_CONVERSION = YES;
				CLANG_WARN_NON_LITERAL_NULL_CONVERSION = YES;
				CLANG_WARN_OBJC_IMPLICIT_RETAIN_SELF = YES;
				CLANG_WARN_OBJC_LITERAL_CONVERSION = YES;
				CLANG_WARN_OBJC_ROOT_CLASS = YES_ERROR;
				CLANG_WARN_QUOTED_INCLUDE_IN_FRAMEWORK_HEADER = YES;
				CLANG_WARN_RANGE_LOOP_ANALYSIS = YES;
				CLANG_WARN_STRICT_PROTOTYPES = YES;
				CLANG_WARN_SUSPICIOUS_MOVE = YES;
				CLANG_WARN_UNGUARDED_AVAILABILITY = YES_AGGRESSIVE;
				CLANG_WARN_UNREACHABLE_CODE = YES;
				CLANG_WARN__DUPLICATE_METHOD_MATCH = YES;
				COPY_PHASE_STRIP = NO;
				DEBUG_INFORMATION_FORMAT = dwarf;
				ENABLE_STRICT_OBJC_MSGSEND = YES;
				ENABLE_TESTABILITY = YES;
				ENABLE_USER_SCRIPT_SANDBOXING = YES;
				GCC_C_LANGUAGE_STANDARD = gnu17;
				GCC_DYNAMIC_NO_PIC = NO;
				GCC_NO_COMMON_BLOCKS = YES;
				GCC_OPTIMIZATION_LEVEL = 0;
				GCC_PREPROCESSOR_DEFINITIONS = (
					"DEBUG=1",
					"$(inherited)",
				);
				GCC_WARN_64_TO_32_BIT_CONVERSION = YES;
				GCC_WARN_ABOUT_RETURN_TYPE = YES_ERROR;
				GCC_WARN_UNDECLARED_SELECTOR = YES;
				GCC_WARN_UNINITIALIZED_AUTOS = YES_AGGRESSIVE;
				GCC_WARN_UNUSED_FUNCTION = YES;
				GCC_WARN_UNUSED_VARIABLE = YES;
				IPHONEOS_DEPLOYMENT_TARGET = 17.2;
				LOCALIZATION_PREFERS_STRING_CATALOGS = YES;
				MTL_ENABLE_DEBUG_INFO = INCLUDE_SOURCE;
				MTL_FAST_MATH = YES;
				ONLY_ACTIVE_ARCH = YES;
				SDKROOT = iphoneos;
				SWIFT_ACTIVE_COMPILATION_CONDITIONS = "DEBUG $(inherited)";
				SWIFT_OPTIMIZATION_LEVEL = "-Onone";
			};
			name = Debug;
		};
		E1DEE1D52C1012A400EF5534 /* Release */ = {
			isa = XCBuildConfiguration;
			buildSettings = {
				ALWAYS_SEARCH_USER_PATHS = NO;
				ASSETCATALOG_COMPILER_GENERATE_SWIFT_ASSET_SYMBOL_EXTENSIONS = YES;
				CLANG_ANALYZER_NONNULL = YES;
				CLANG_ANALYZER_NUMBER_OBJECT_CONVERSION = YES_AGGRESSIVE;
				CLANG_CXX_LANGUAGE_STANDARD = "gnu++20";
				CLANG_ENABLE_MODULES = YES;
				CLANG_ENABLE_OBJC_ARC = YES;
				CLANG_ENABLE_OBJC_WEAK = YES;
				CLANG_WARN_BLOCK_CAPTURE_AUTORELEASING = YES;
				CLANG_WARN_BOOL_CONVERSION = YES;
				CLANG_WARN_COMMA = YES;
				CLANG_WARN_CONSTANT_CONVERSION = YES;
				CLANG_WARN_DEPRECATED_OBJC_IMPLEMENTATIONS = YES;
				CLANG_WARN_DIRECT_OBJC_ISA_USAGE = YES_ERROR;
				CLANG_WARN_DOCUMENTATION_COMMENTS = YES;
				CLANG_WARN_EMPTY_BODY = YES;
				CLANG_WARN_ENUM_CONVERSION = YES;
				CLANG_WARN_INFINITE_RECURSION = YES;
				CLANG_WARN_INT_CONVERSION = YES;
				CLANG_WARN_NON_LITERAL_NULL_CONVERSION = YES;
				CLANG_WARN_OBJC_IMPLICIT_RETAIN_SELF = YES;
				CLANG_WARN_OBJC_LITERAL_CONVERSION = YES;
				CLANG_WARN_OBJC_ROOT_CLASS = YES_ERROR;
				CLANG_WARN_QUOTED_INCLUDE_IN_FRAMEWORK_HEADER = YES;
				CLANG_WARN_RANGE_LOOP_ANALYSIS = YES;
				CLANG_WARN_STRICT_PROTOTYPES = YES;
				CLANG_WARN_SUSPICIOUS_MOVE = YES;
				CLANG_WARN_UNGUARDED_AVAILABILITY = YES_AGGRESSIVE;
				CLANG_WARN_UNREACHABLE_CODE = YES;
				CLANG_WARN__DUPLICATE_METHOD_MATCH = YES;
				COPY_PHASE_STRIP = NO;
				DEBUG_INFORMATION_FORMAT = "dwarf-with-dsym";
				ENABLE_NS_ASSERTIONS = NO;
				ENABLE_STRICT_OBJC_MSGSEND = YES;
				ENABLE_USER_SCRIPT_SANDBOXING = YES;
				GCC_C_LANGUAGE_STANDARD = gnu17;
				GCC_NO_COMMON_BLOCKS = YES;
				GCC_WARN_64_TO_32_BIT_CONVERSION = YES;
				GCC_WARN_ABOUT_RETURN_TYPE = YES_ERROR;
				GCC_WARN_UNDECLARED_SELECTOR = YES;
				GCC_WARN_UNINITIALIZED_AUTOS = YES_AGGRESSIVE;
				GCC_WARN_UNUSED_FUNCTION = YES;
				GCC_WARN_UNUSED_VARIABLE = YES;
				IPHONEOS_DEPLOYMENT_TARGET = 17.2;
				LOCALIZATION_PREFERS_STRING_CATALOGS = YES;
				MTL_ENABLE_DEBUG_INFO = NO;
				MTL_FAST_MATH = YES;
				SDKROOT = iphoneos;
				SWIFT_COMPILATION_MODE = wholemodule;
				VALIDATE_PRODUCT = YES;
			};
			name = Release;
		};
		E1DEE1D72C1012A400EF5534 /* Debug */ = {
			isa = XCBuildConfiguration;
			buildSettings = {
				ASSETCATALOG_COMPILER_APPICON_NAME = AppIcon;
				ASSETCATALOG_COMPILER_GLOBAL_ACCENT_COLOR_NAME = AccentColor;
				CODE_SIGN_STYLE = Automatic;
				CURRENT_PROJECT_VERSION = 1;
				DEVELOPMENT_ASSET_PATHS = "\"SwiftfulCrypto/Preview Content\"";
				DEVELOPMENT_TEAM = WUY822VN6L;
				ENABLE_PREVIEWS = YES;
				GENERATE_INFOPLIST_FILE = YES;
				INFOPLIST_KEY_CFBundleDisplayName = "Crypto Tracker";
				INFOPLIST_KEY_UIApplicationSceneManifest_Generation = YES;
				INFOPLIST_KEY_UIApplicationSupportsIndirectInputEvents = YES;
				INFOPLIST_KEY_UILaunchScreen_Generation = YES;
				INFOPLIST_KEY_UISupportedInterfaceOrientations = UIInterfaceOrientationPortrait;
				LD_RUNPATH_SEARCH_PATHS = (
					"$(inherited)",
					"@executable_path/Frameworks",
				);
				MARKETING_VERSION = 1.0;
				PRODUCT_BUNDLE_IDENTIFIER = com.amariano.SwiftfulCrypto;
				PRODUCT_NAME = "$(TARGET_NAME)";
				SWIFT_EMIT_LOC_STRINGS = YES;
				SWIFT_VERSION = 5.0;
				TARGETED_DEVICE_FAMILY = "1,2";
			};
			name = Debug;
		};
		E1DEE1D82C1012A400EF5534 /* Release */ = {
			isa = XCBuildConfiguration;
			buildSettings = {
				ASSETCATALOG_COMPILER_APPICON_NAME = AppIcon;
				ASSETCATALOG_COMPILER_GLOBAL_ACCENT_COLOR_NAME = AccentColor;
				CODE_SIGN_STYLE = Automatic;
				CURRENT_PROJECT_VERSION = 1;
				DEVELOPMENT_ASSET_PATHS = "\"SwiftfulCrypto/Preview Content\"";
				DEVELOPMENT_TEAM = WUY822VN6L;
				ENABLE_PREVIEWS = YES;
				GENERATE_INFOPLIST_FILE = YES;
				INFOPLIST_KEY_CFBundleDisplayName = "Crypto Tracker";
				INFOPLIST_KEY_UIApplicationSceneManifest_Generation = YES;
				INFOPLIST_KEY_UIApplicationSupportsIndirectInputEvents = YES;
				INFOPLIST_KEY_UILaunchScreen_Generation = YES;
				INFOPLIST_KEY_UISupportedInterfaceOrientations = UIInterfaceOrientationPortrait;
				LD_RUNPATH_SEARCH_PATHS = (
					"$(inherited)",
					"@executable_path/Frameworks",
				);
				MARKETING_VERSION = 1.0;
				PRODUCT_BUNDLE_IDENTIFIER = com.amariano.SwiftfulCrypto;
				PRODUCT_NAME = "$(TARGET_NAME)";
				SWIFT_EMIT_LOC_STRINGS = YES;
				SWIFT_VERSION = 5.0;
				TARGETED_DEVICE_FAMILY = "1,2";
			};
			name = Release;
		};
/* End XCBuildConfiguration section */

/* Begin XCConfigurationList section */
		E1DEE1C32C1012A300EF5534 /* Build configuration list for PBXProject "SwiftfulCrypto" */ = {
			isa = XCConfigurationList;
			buildConfigurations = (
				E1DEE1D42C1012A400EF5534 /* Debug */,
				E1DEE1D52C1012A400EF5534 /* Release */,
			);
			defaultConfigurationIsVisible = 0;
			defaultConfigurationName = Release;
		};
		E1DEE1D62C1012A400EF5534 /* Build configuration list for PBXNativeTarget "SwiftfulCrypto" */ = {
			isa = XCConfigurationList;
			buildConfigurations = (
				E1DEE1D72C1012A400EF5534 /* Debug */,
				E1DEE1D82C1012A400EF5534 /* Release */,
			);
			defaultConfigurationIsVisible = 0;
			defaultConfigurationName = Release;
		};
/* End XCConfigurationList section */
	};
	rootObject = E1DEE1C02C1012A300EF5534 /* Project object */;
}
